{
  "version": 4,
  "terraform_version": "1.11.4",
  "serial": 45,
  "lineage": "54e455d2-555e-e2d1-7274-e7238dbb1a7c",
  "outputs": {
    "alb_target_group_one_arn": {
      "value": "arn:aws:elasticloadbalancing:ap-southeast-2:352515133004:targetgroup/ALBTargetGroupOnewebclient/f5424d63cda70013",
      "type": "string"
    },
    "alb_target_group_two_arn": {
      "value": "arn:aws:elasticloadbalancing:ap-southeast-2:352515133004:targetgroup/ALBTargetGroupTwowebclient/062edd10fc79f157",
      "type": "string"
    },
    "bksb_reforms_client_sg_id": {
      "value": "sg-09ef3bc217be31fae",
      "type": "string"
    },
    "ecs_service_name": {
      "value": "StageBKSBReformsWebClientAppSydney-BKSBReformsClientECSService",
      "type": "string"
    },
    "ecs_task_definition_arn": {
      "value": "arn:aws:ecs:ap-southeast-2:352515133004:task-definition/stage_bksb-reforms-web-client:1",
      "type": "string"
    }
  },
  "resources": [
    {
      "mode": "data",
      "type": "aws_secretsmanager_secret_version",
      "name": "load_balancer_secret",
      "provider": "provider[\"registry.terraform.io/hashicorp/aws\"]",
      "instances": [
        {
          "schema_version": 0,
          "attributes": {
            "arn": "arn:aws:secretsmanager:ap-southeast-2:352515133004:secret:stage/loadbalancer/load_balancer_secret-laMq9y",
            "created_date": "2025-05-29T17:19:31Z",
            "id": "arn:aws:secretsmanager:ap-southeast-2:352515133004:secret:stage/loadbalancer/load_balancer_secret|AWSCURRENT",
            "secret_binary": "",
            "secret_id": "arn:aws:secretsmanager:ap-southeast-2:352515133004:secret:stage/loadbalancer/load_balancer_secret",
            "secret_string": "Za~H+]aqDXAi'phl\u003eHt9gHCD9Xi1t4YH",
            "version_id": "0add2601-87eb-4fc5-8b8e-35858850cd0a",
            "version_stage": "AWSCURRENT",
            "version_stages": [
              "AWSCURRENT"
            ]
          },
          "sensitive_attributes": [
            [
              {
                "type": "get_attr",
                "value": "secret_binary"
              }
            ],
            [
              {
                "type": "get_attr",
                "value": "secret_string"
              }
            ]
          ]
        }
      ]
    },
    {
      "mode": "managed",
      "type": "aws_appautoscaling_policy",
      "name": "bksb_reforms_client_ecs_scaling_policy",
      "provider": "provider[\"registry.terraform.io/hashicorp/aws\"]",
      "instances": [
        {
          "schema_version": 0,
          "attributes": {
            "alarm_arns": [
              "arn:aws:cloudwatch:ap-southeast-2:352515133004:alarm:TargetTracking-service/stage-bksb-live2reforms-cluster/StageBKSBReformsWebClientAppSydney-BKSBReformsClientECSService-AlarmHigh-c84f8016-51fb-4c1c-94f3-5bdbcc33668a",
              "arn:aws:cloudwatch:ap-southeast-2:352515133004:alarm:TargetTracking-service/stage-bksb-live2reforms-cluster/StageBKSBReformsWebClientAppSydney-BKSBReformsClientECSService-AlarmLow-8484124d-3090-4077-b93b-3ef2b351943e"
            ],
            "arn": "arn:aws:autoscaling:ap-southeast-2:352515133004:scalingPolicy:3ec0a542-0c60-4e79-918f-fddcc95d0b95:resource/ecs/service/stage-bksb-live2reforms-cluster/StageBKSBReformsWebClientAppSydney-BKSBReformsClientECSService:policyName/StageBKSBReformsWebClientECSServiceTaskCountTargetBKSBReformsClientECSServiceScaling",
            "id": "StageBKSBReformsWebClientECSServiceTaskCountTargetBKSBReformsClientECSServiceScaling",
            "name": "StageBKSBReformsWebClientECSServiceTaskCountTargetBKSBReformsClientECSServiceScaling",
            "policy_type": "TargetTrackingScaling",
            "resource_id": "service/stage-bksb-live2reforms-cluster/StageBKSBReformsWebClientAppSydney-BKSBReformsClientECSService",
            "scalable_dimension": "ecs:service:DesiredCount",
            "service_namespace": "ecs",
            "step_scaling_policy_configuration": [],
            "target_tracking_scaling_policy_configuration": [
              {
                "customized_metric_specification": [],
                "disable_scale_in": false,
                "predefined_metric_specification": [
                  {
                    "predefined_metric_type": "ECSServiceAverageCPUUtilization",
                    "resource_label": ""
                  }
                ],
                "scale_in_cooldown": 0,
                "scale_out_cooldown": 0,
                "target_value": 50
              }
            ]
          },
          "sensitive_attributes": [],
          "private": "bnVsbA==",
          "dependencies": [
            "aws_appautoscaling_target.bksb_reforms_client_ecs_scalable_target",
            "aws_cloudwatch_log_group.bksb_reforms_client_container_log_group",
            "aws_cloudwatch_log_group.bksb_reforms_client_xray_log_group",
            "aws_ecs_service.bksb_reforms_client_ecs_service",
            "aws_ecs_task_definition.bksb_reforms_client_task_definition",
            "aws_iam_role.bksb_reforms_client_ecs_execution_role",
            "aws_iam_role.bksb_reforms_client_ecs_task_role",
            "aws_lb_listener_rule.alb_listener_rule",
            "aws_lb_target_group.alb_target_group_one",
            "aws_security_group.bksb_reforms_client_sg"
          ]
        }
      ]
    },
    {
      "mode": "managed",
      "type": "aws_appautoscaling_target",
      "name": "bksb_reforms_client_ecs_scalable_target",
      "provider": "provider[\"registry.terraform.io/hashicorp/aws\"]",
      "instances": [
        {
          "schema_version": 0,
          "attributes": {
            "arn": "arn:aws:application-autoscaling:ap-southeast-2:352515133004:scalable-target/0ec53ec0a5420c604e79918ffddcc95d0b95",
            "id": "service/stage-bksb-live2reforms-cluster/StageBKSBReformsWebClientAppSydney-BKSBReformsClientECSService",
            "max_capacity": 12,
            "min_capacity": 1,
            "resource_id": "service/stage-bksb-live2reforms-cluster/StageBKSBReformsWebClientAppSydney-BKSBReformsClientECSService",
            "role_arn": "arn:aws:iam::352515133004:role/aws-service-role/ecs.application-autoscaling.amazonaws.com/AWSServiceRoleForApplicationAutoScaling_ECSService",
            "scalable_dimension": "ecs:service:DesiredCount",
            "service_namespace": "ecs",
            "suspended_state": [
              {
                "dynamic_scaling_in_suspended": false,
                "dynamic_scaling_out_suspended": false,
                "scheduled_scaling_suspended": false
              }
            ],
            "tags": null,
            "tags_all": {}
          },
          "sensitive_attributes": [],
          "private": "bnVsbA==",
          "dependencies": [
            "aws_cloudwatch_log_group.bksb_reforms_client_container_log_group",
            "aws_cloudwatch_log_group.bksb_reforms_client_xray_log_group",
            "aws_ecs_service.bksb_reforms_client_ecs_service",
            "aws_ecs_task_definition.bksb_reforms_client_task_definition",
            "aws_iam_role.bksb_reforms_client_ecs_execution_role",
            "aws_iam_role.bksb_reforms_client_ecs_task_role",
            "aws_lb_listener_rule.alb_listener_rule",
            "aws_lb_target_group.alb_target_group_one",
            "aws_security_group.bksb_reforms_client_sg"
          ]
        }
      ]
    },
    {
      "mode": "managed",
      "type": "aws_cloudwatch_log_group",
      "name": "bksb_reforms_client_container_log_group",
      "provider": "provider[\"registry.terraform.io/hashicorp/aws\"]",
      "instances": [
        {
          "schema_version": 0,
          "attributes": {
            "arn": "arn:aws:logs:ap-southeast-2:352515133004:log-group:/ecs/StageBKSBReformsWebClientAppSydney/BKSBReformsClientECSContainer",
            "id": "/ecs/StageBKSBReformsWebClientAppSydney/BKSBReformsClientECSContainer",
            "kms_key_id": "",
            "log_group_class": "STANDARD",
            "name": "/ecs/StageBKSBReformsWebClientAppSydney/BKSBReformsClientECSContainer",
            "name_prefix": "",
            "retention_in_days": 7,
            "skip_destroy": false,
            "tags": {
              "Name": "bksb-reforms-web-client-log-group"
            },
            "tags_all": {
              "Name": "bksb-reforms-web-client-log-group"
            }
          },
          "sensitive_attributes": [],
          "private": "bnVsbA=="
        }
      ]
    },
    {
      "mode": "managed",
      "type": "aws_cloudwatch_log_group",
      "name": "bksb_reforms_client_xray_log_group",
      "provider": "provider[\"registry.terraform.io/hashicorp/aws\"]",
      "instances": [
        {
          "schema_version": 0,
          "attributes": {
            "arn": "arn:aws:logs:ap-southeast-2:352515133004:log-group:/ecs/StageBKSBReformsWebClientAppSydney/BKSBLive2ReformsAPIXRayECSContainer",
            "id": "/ecs/StageBKSBReformsWebClientAppSydney/BKSBLive2ReformsAPIXRayECSContainer",
            "kms_key_id": "",
            "log_group_class": "STANDARD",
            "name": "/ecs/StageBKSBReformsWebClientAppSydney/BKSBLive2ReformsAPIXRayECSContainer",
            "name_prefix": "",
            "retention_in_days": 7,
            "skip_destroy": false,
            "tags": {
              "Name": "bksb-reforms-xray-log-group"
            },
            "tags_all": {
              "Name": "bksb-reforms-xray-log-group"
            }
          },
          "sensitive_attributes": [],
          "private": "bnVsbA=="
        }
      ]
    },
    {
      "mode": "managed",
      "type": "aws_codedeploy_app",
      "name": "code_deploy_application",
      "provider": "provider[\"registry.terraform.io/hashicorp/aws\"]",
      "instances": [
        {
          "schema_version": 0,
          "attributes": {
            "application_id": "ba5f6171-1050-4d12-8233-12c125dbfda8",
            "arn": "arn:aws:codedeploy:ap-southeast-2:352515133004:application:StageBKSBReformsWebClientAppSydney-CDApplication",
            "compute_platform": "ECS",
            "github_account_name": "",
            "id": "ba5f6171-1050-4d12-8233-12c125dbfda8:StageBKSBReformsWebClientAppSydney-CDApplication",
            "linked_to_github": false,
            "name": "StageBKSBReformsWebClientAppSydney-CDApplication",
            "tags": {},
            "tags_all": {}
          },
          "sensitive_attributes": [],
          "private": "bnVsbA=="
        }
      ]
    },
    {
      "mode": "managed",
      "type": "aws_ecs_service",
      "name": "bksb_reforms_client_ecs_service",
      "provider": "provider[\"registry.terraform.io/hashicorp/aws\"]",
      "instances": [
        {
          "schema_version": 1,
          "attributes": {
            "alarms": [],
            "availability_zone_rebalancing": "DISABLED",
            "capacity_provider_strategy": [],
            "cluster": "stage-bksb-live2reforms-cluster",
            "deployment_circuit_breaker": [],
            "deployment_controller": [
              {
                "type": "CODE_DEPLOY"
              }
            ],
            "deployment_maximum_percent": 200,
            "deployment_minimum_healthy_percent": 100,
            "desired_count": 1,
            "enable_ecs_managed_tags": false,
            "enable_execute_command": false,
            "force_delete": null,
            "force_new_deployment": null,
            "health_check_grace_period_seconds": 60,
            "iam_role": "/aws-service-role/ecs.amazonaws.com/AWSServiceRoleForECS",
            "id": "arn:aws:ecs:ap-southeast-2:352515133004:service/stage-bksb-live2reforms-cluster/StageBKSBReformsWebClientAppSydney-BKSBReformsClientECSService",
            "launch_type": "FARGATE",
            "load_balancer": [
              {
                "container_name": "bksb-reforms-web-client",
                "container_port": 443,
                "elb_name": "",
                "target_group_arn": "arn:aws:elasticloadbalancing:ap-southeast-2:352515133004:targetgroup/ALBTargetGroupOnewebclient/f5424d63cda70013"
              }
            ],
            "name": "StageBKSBReformsWebClientAppSydney-BKSBReformsClientECSService",
            "network_configuration": [
              {
                "assign_public_ip": false,
                "security_groups": [
                  "sg-09ef3bc217be31fae"
                ],
                "subnets": [
                  "subnet-0317393f66ed16f8d",
                  "subnet-03dab5d928ae6d294"
                ]
              }
            ],
            "ordered_placement_strategy": [],
            "placement_constraints": [],
            "platform_version": "1.4.0",
            "propagate_tags": "NONE",
            "scheduling_strategy": "REPLICA",
            "service_connect_configuration": [],
            "service_registries": [],
            "tags": null,
            "tags_all": {},
            "task_definition": "arn:aws:ecs:ap-southeast-2:352515133004:task-definition/stage_bksb-reforms-web-client:1",
            "timeouts": null,
            "triggers": {},
            "volume_configuration": [],
            "vpc_lattice_configurations": [],
            "wait_for_steady_state": false
          },
          "sensitive_attributes": [],
          "private": "eyJlMmJmYjczMC1lY2FhLTExZTYtOGY4OC0zNDM2M2JjN2M0YzAiOnsiY3JlYXRlIjoxMjAwMDAwMDAwMDAwLCJkZWxldGUiOjEyMDAwMDAwMDAwMDAsInVwZGF0ZSI6MTIwMDAwMDAwMDAwMH0sInNjaGVtYV92ZXJzaW9uIjoiMSJ9",
          "dependencies": [
            "aws_cloudwatch_log_group.bksb_reforms_client_container_log_group",
            "aws_cloudwatch_log_group.bksb_reforms_client_xray_log_group",
            "aws_ecs_task_definition.bksb_reforms_client_task_definition",
            "aws_iam_role.bksb_reforms_client_ecs_execution_role",
            "aws_iam_role.bksb_reforms_client_ecs_task_role",
            "aws_lb_listener_rule.alb_listener_rule",
            "aws_lb_target_group.alb_target_group_one",
            "aws_security_group.bksb_reforms_client_sg"
          ]
        }
      ]
    },
    {
      "mode": "managed",
      "type": "aws_ecs_task_definition",
      "name": "bksb_reforms_client_task_definition",
      "provider": "provider[\"registry.terraform.io/hashicorp/aws\"]",
      "instances": [
        {
          "schema_version": 1,
          "attributes": {
            "arn": "arn:aws:ecs:ap-southeast-2:352515133004:task-definition/stage_bksb-reforms-web-client:1",
            "arn_without_revision": "arn:aws:ecs:ap-southeast-2:352515133004:task-definition/stage_bksb-reforms-web-client",
            "container_definitions": "[{\"cpu\":224,\"environment\":[{\"name\":\"ASPNETCORE_ENVIRONMENT\",\"value\":\"Production\"},{\"name\":\"ASPNETCORE_URLS\",\"value\":\"https://+:443\"},{\"name\":\"BKSB__APP__CEHostPath\",\"value\":\"https://myworkplace.oneadvanced.io\"},{\"name\":\"BKSB__APP__DisplayNavbar\",\"value\":\"false\"},{\"name\":\"BKSB__APP__DisplaySidebar\",\"value\":\"false\"},{\"name\":\"BKSB__APP__FSRegion\",\"value\":\"ap-southeast-2\"},{\"name\":\"BKSB__APP__FSRootPartition\",\"value\":\"cdn.private.bksb-dev.co.uk\"},{\"name\":\"BKSB__APP__FSRootPath\",\"value\":\"ecl/0.3.7/\"},{\"name\":\"BKSB__APP__FSUseLocal\",\"value\":\"false\"},{\"name\":\"BKSB__APP__HostingBasePath\",\"value\":\"/bksblive2/v5/\"},{\"name\":\"BKSB__APP__V5APIRootURL\",\"value\":\"/bksblive2/v5api/api\"},{\"name\":\"BKSB__App__DeferLogin\",\"value\":\"true\"},{\"name\":\"BKSB__App__DeferredLoginTransferPagePath\",\"value\":\"/bksblive2/V5Transition.aspx\"},{\"name\":\"BKSB__App__DeferredLoginURL\",\"value\":\"stage.euw2.bksb.dev/bksblive2/Login.aspx\"}],\"essential\":true,\"image\":\"592311462240.dkr.ecr.eu-west-2.amazonaws.com/bksb/dev/bksblive2-reforms-web-clients:167-linux-x86_64\",\"logConfiguration\":{\"logDriver\":\"awslogs\",\"options\":{\"awslogs-region\":\"ap-southeast-2\",\"awslogs-stream-prefix\":\"bksb-ecs\",\"awslogs-group\":\"/ecs/StageBKSBReformsWebClientAppSydney/BKSBReformsClientECSContainer\"}},\"memory\":256,\"mountPoints\":[],\"name\":\"bksb-reforms-web-client\",\"portMappings\":[{\"containerPort\":443,\"hostPort\":443,\"protocol\":\"tcp\"}],\"systemControls\":[],\"volumesFrom\":[]},{\"cpu\":32,\"environment\":[],\"essential\":true,\"image\":\"amazon/aws-xray-daemon:latest\",\"logConfiguration\":{\"logDriver\":\"awslogs\",\"options\":{\"awslogs-group\":\"/ecs/StageBKSBReformsWebClientAppSydney/BKSBLive2ReformsAPIXRayECSContainer\",\"awslogs-region\":\"ap-southeast-2\",\"awslogs-stream-prefix\":\"bksb-ecs\"}},\"memoryReservation\":256,\"mountPoints\":[],\"name\":\"xray-daemon\",\"portMappings\":[{\"containerPort\":2000,\"hostPort\":2000,\"protocol\":\"udp\"}],\"systemControls\":[],\"volumesFrom\":[]}]",
            "cpu": "256",
            "enable_fault_injection": false,
            "ephemeral_storage": [],
            "execution_role_arn": "arn:aws:iam::352515133004:role/Stage-BKSBReformsClientECSContainerTaskDefinitionExecutionRole",
            "family": "stage_bksb-reforms-web-client",
            "id": "stage_bksb-reforms-web-client",
            "inference_accelerator": [],
            "ipc_mode": "",
            "memory": "512",
            "network_mode": "awsvpc",
            "pid_mode": "",
            "placement_constraints": [],
            "proxy_configuration": [],
            "requires_compatibilities": [
              "FARGATE"
            ],
            "revision": 1,
            "runtime_platform": [
              {
                "cpu_architecture": "X86_64",
                "operating_system_family": "LINUX"
              }
            ],
            "skip_destroy": false,
            "tags": {},
            "tags_all": {},
            "task_role_arn": "arn:aws:iam::352515133004:role/Stage-BKSBReformsClientECSContainerTaskRole",
            "track_latest": false,
            "volume": []
          },
          "sensitive_attributes": [],
          "private": "eyJzY2hlbWFfdmVyc2lvbiI6IjEifQ==",
          "dependencies": [
            "aws_cloudwatch_log_group.bksb_reforms_client_container_log_group",
            "aws_cloudwatch_log_group.bksb_reforms_client_xray_log_group",
            "aws_iam_role.bksb_reforms_client_ecs_execution_role",
            "aws_iam_role.bksb_reforms_client_ecs_task_role"
          ]
        }
      ]
    },
    {
      "mode": "managed",
      "type": "aws_iam_policy",
      "name": "bksb_reforms_client_ecs_execution_role_policy",
      "provider": "provider[\"registry.terraform.io/hashicorp/aws\"]",
      "instances": [
        {
          "schema_version": 0,
          "attributes": {
            "arn": "arn:aws:iam::352515133004:policy/StageBKSBReformsWebClientAppSydney-BKSBReformsClientECSContainerTaskDefinitionExecutionRoleDefaultPolicy",
            "attachment_count": 1,
            "description": "",
            "id": "arn:aws:iam::352515133004:policy/StageBKSBReformsWebClientAppSydney-BKSBReformsClientECSContainerTaskDefinitionExecutionRoleDefaultPolicy",
            "name": "StageBKSBReformsWebClientAppSydney-BKSBReformsClientECSContainerTaskDefinitionExecutionRoleDefaultPolicy",
            "name_prefix": "",
            "path": "/",
            "policy": "{\"Statement\":[{\"Action\":[\"ecr:BatchCheckLayerAvailability\",\"ecr:BatchGetImage\",\"ecr:GetAuthorizationToken\",\"ecr:GetDownloadUrlForLayer\"],\"Effect\":\"Allow\",\"Resource\":\"arn:aws:ecr:eu-west-2:592311462240:repository/bksb/dev/bksblive2-reforms-web-clients\"},{\"Action\":\"ecr:GetAuthorizationToken\",\"Effect\":\"Allow\",\"Resource\":\"*\"},{\"Action\":[\"logs:CreateLogStream\",\"logs:PutLogEvents\"],\"Effect\":\"Allow\",\"Resource\":[\"arn:aws:logs:ap-southeast-2:352515133004:log-group:/ecs/StageBKSBReformsWebClientAppSydney/BKSBLive2ReformsAPIXRayECSContainer:*\",\"arn:aws:logs:ap-southeast-2:352515133004:log-group:/ecs/StageBKSBReformsWebClientAppSydney/BKSBReformsClientECSContainer:*\"]}],\"Version\":\"2012-10-17\"}",
            "policy_id": "ANPAVEE4KBZGOAJLMNRRA",
            "tags": {},
            "tags_all": {}
          },
          "sensitive_attributes": [],
          "private": "bnVsbA==",
          "dependencies": [
            "aws_cloudwatch_log_group.bksb_reforms_client_container_log_group",
            "aws_cloudwatch_log_group.bksb_reforms_client_xray_log_group"
          ]
        }
      ]
    },
    {
      "mode": "managed",
      "type": "aws_iam_policy",
      "name": "bksb_reforms_client_ecs_task_role_policy",
      "provider": "provider[\"registry.terraform.io/hashicorp/aws\"]",
      "instances": [
        {
          "schema_version": 0,
          "attributes": {
            "arn": "arn:aws:iam::352515133004:policy/StageBKSBReformsWebClientAppSydney-BKSBReformsClientECSContainerTaskRoleDefaultPolicy",
            "attachment_count": 1,
            "description": "",
            "id": "arn:aws:iam::352515133004:policy/StageBKSBReformsWebClientAppSydney-BKSBReformsClientECSContainerTaskRoleDefaultPolicy",
            "name": "StageBKSBReformsWebClientAppSydney-BKSBReformsClientECSContainerTaskRoleDefaultPolicy",
            "name_prefix": "",
            "path": "/",
            "policy": "{\"Statement\":[{\"Action\":[\"s3:GetObject\",\"s3:ListBucket\",\"s3:ListBucketVersions\",\"s3:PutObject\",\"s3:PutObjectAcl\"],\"Effect\":\"Allow\",\"Resource\":[\"arn:aws:s3:::cdn.private.bksb-dev.co.uk\",\"arn:aws:s3:::cdn.private.bksb-dev.co.uk/*\"]},{\"Action\":[\"ssmmessages:CreateControlChannel\",\"ssmmessages:CreateDataChannel\",\"ssmmessages:OpenControlChannel\",\"ssmmessages:OpenDataChannel\",\"xray:GetSamplingRules\",\"xray:GetSamplingStatisticSummaries\",\"xray:GetSamplingTargets\",\"xray:PutTelemetryRecords\",\"xray:PutTraceSegments\"],\"Effect\":\"Allow\",\"Resource\":\"*\"}],\"Version\":\"2012-10-17\"}",
            "policy_id": "ANPAVEE4KBZGNIDGUENL2",
            "tags": {},
            "tags_all": {}
          },
          "sensitive_attributes": [],
          "private": "bnVsbA=="
        }
      ]
    },
    {
      "mode": "managed",
      "type": "aws_iam_policy_attachment",
      "name": "codedeploy_ecs_policy_attachment",
      "provider": "provider[\"registry.terraform.io/hashicorp/aws\"]",
      "instances": [
        {
          "schema_version": 0,
          "attributes": {
            "groups": [],
            "id": "codedeploy-ecs-policy-attachment",
            "name": "codedeploy-ecs-policy-attachment",
            "policy_arn": "arn:aws:iam::aws:policy/AWSCodeDeployRoleForECS",
            "roles": [
              "StageBKSBReformsWebClientAppSydney-CDRole"
            ],
            "users": []
          },
          "sensitive_attributes": [],
          "private": "bnVsbA==",
          "dependencies": [
            "aws_iam_role.code_deploy_role"
          ]
        }
      ]
    },
    {
      "mode": "managed",
      "type": "aws_iam_role",
      "name": "bksb_reforms_client_ecs_execution_role",
      "provider": "provider[\"registry.terraform.io/hashicorp/aws\"]",
      "instances": [
        {
          "schema_version": 0,
          "attributes": {
            "arn": "arn:aws:iam::352515133004:role/Stage-BKSBReformsClientECSContainerTaskDefinitionExecutionRole",
            "assume_role_policy": "{\"Statement\":[{\"Action\":\"sts:AssumeRole\",\"Effect\":\"Allow\",\"Principal\":{\"Service\":\"ecs-tasks.amazonaws.com\"}}],\"Version\":\"2012-10-17\"}",
            "create_date": "2025-06-04T17:54:06Z",
            "description": "",
            "force_detach_policies": false,
            "id": "Stage-BKSBReformsClientECSContainerTaskDefinitionExecutionRole",
            "inline_policy": [],
            "managed_policy_arns": [
              "arn:aws:iam::352515133004:policy/StageBKSBReformsWebClientAppSydney-BKSBReformsClientECSContainerTaskDefinitionExecutionRoleDefaultPolicy"
            ],
            "max_session_duration": 3600,
            "name": "Stage-BKSBReformsClientECSContainerTaskDefinitionExecutionRole",
            "name_prefix": "",
            "path": "/",
            "permissions_boundary": "",
            "tags": {
              "Name": "StageBKSBReformsWebClientAppSydney"
            },
            "tags_all": {
              "Name": "StageBKSBReformsWebClientAppSydney"
            },
            "unique_id": "AROAVEE4KBZGGKEO6PLKG"
          },
          "sensitive_attributes": [],
          "private": "bnVsbA=="
        }
      ]
    },
    {
      "mode": "managed",
      "type": "aws_iam_role",
      "name": "bksb_reforms_client_ecs_task_role",
      "provider": "provider[\"registry.terraform.io/hashicorp/aws\"]",
      "instances": [
        {
          "schema_version": 0,
          "attributes": {
            "arn": "arn:aws:iam::352515133004:role/Stage-BKSBReformsClientECSContainerTaskRole",
            "assume_role_policy": "{\"Statement\":[{\"Action\":\"sts:AssumeRole\",\"Effect\":\"Allow\",\"Principal\":{\"Service\":\"ecs-tasks.amazonaws.com\"}}],\"Version\":\"2012-10-17\"}",
            "create_date": "2025-06-04T17:54:06Z",
            "description": "",
            "force_detach_policies": false,
            "id": "Stage-BKSBReformsClientECSContainerTaskRole",
            "inline_policy": [],
            "managed_policy_arns": [
              "arn:aws:iam::352515133004:policy/StageBKSBReformsWebClientAppSydney-BKSBReformsClientECSContainerTaskRoleDefaultPolicy"
            ],
            "max_session_duration": 3600,
            "name": "Stage-BKSBReformsClientECSContainerTaskRole",
            "name_prefix": "",
            "path": "/",
            "permissions_boundary": "",
            "tags": {},
            "tags_all": {},
            "unique_id": "AROAVEE4KBZGBJESPB6QF"
          },
          "sensitive_attributes": [],
          "private": "bnVsbA=="
        }
      ]
    },
    {
      "mode": "managed",
      "type": "aws_iam_role",
      "name": "code_deploy_role",
      "provider": "provider[\"registry.terraform.io/hashicorp/aws\"]",
      "instances": [
        {
          "schema_version": 0,
          "attributes": {
            "arn": "arn:aws:iam::352515133004:role/StageBKSBReformsWebClientAppSydney-CDRole",
            "assume_role_policy": "{\"Statement\":[{\"Action\":\"sts:AssumeRole\",\"Effect\":\"Allow\",\"Principal\":{\"Service\":\"codedeploy.eu-west-2.amazonaws.com\"}}],\"Version\":\"2012-10-17\"}",
            "create_date": "2025-06-04T17:54:06Z",
            "description": "",
            "force_detach_policies": false,
            "id": "StageBKSBReformsWebClientAppSydney-CDRole",
            "inline_policy": [],
            "managed_policy_arns": [
              "arn:aws:iam::aws:policy/AWSCodeDeployRoleForECS"
            ],
            "max_session_duration": 3600,
            "name": "StageBKSBReformsWebClientAppSydney-CDRole",
            "name_prefix": "",
            "path": "/",
            "permissions_boundary": "",
            "tags": {},
            "tags_all": {},
            "unique_id": "AROAVEE4KBZGPEVJQ6WSD"
          },
          "sensitive_attributes": [],
          "private": "bnVsbA=="
        }
      ]
    },
    {
      "mode": "managed",
      "type": "aws_iam_role_policy_attachment",
      "name": "bksb_reforms_client_ecs_execution_role_policy_attachment",
      "provider": "provider[\"registry.terraform.io/hashicorp/aws\"]",
      "instances": [
        {
          "schema_version": 0,
          "attributes": {
            "id": "Stage-BKSBReformsClientECSContainerTaskDefinitionExecutionRole-20250604175408960200000002",
            "policy_arn": "arn:aws:iam::352515133004:policy/StageBKSBReformsWebClientAppSydney-BKSBReformsClientECSContainerTaskDefinitionExecutionRoleDefaultPolicy",
            "role": "Stage-BKSBReformsClientECSContainerTaskDefinitionExecutionRole"
          },
          "sensitive_attributes": [],
          "private": "bnVsbA==",
          "dependencies": [
            "aws_cloudwatch_log_group.bksb_reforms_client_container_log_group",
            "aws_cloudwatch_log_group.bksb_reforms_client_xray_log_group",
            "aws_iam_policy.bksb_reforms_client_ecs_execution_role_policy",
            "aws_iam_role.bksb_reforms_client_ecs_execution_role"
          ]
        }
      ]
    },
    {
      "mode": "managed",
      "type": "aws_iam_role_policy_attachment",
      "name": "bksb_reforms_client_ecs_task_role_policy_attachment",
      "provider": "provider[\"registry.terraform.io/hashicorp/aws\"]",
      "instances": [
        {
          "schema_version": 0,
          "attributes": {
            "id": "Stage-BKSBReformsClientECSContainerTaskRole-20250604175408632900000001",
            "policy_arn": "arn:aws:iam::352515133004:policy/StageBKSBReformsWebClientAppSydney-BKSBReformsClientECSContainerTaskRoleDefaultPolicy",
            "role": "Stage-BKSBReformsClientECSContainerTaskRole"
          },
          "sensitive_attributes": [],
          "private": "bnVsbA==",
          "dependencies": [
            "aws_iam_policy.bksb_reforms_client_ecs_task_role_policy",
            "aws_iam_role.bksb_reforms_client_ecs_task_role"
          ]
        }
      ]
    },
    {
      "mode": "managed",
      "type": "aws_lb_listener_rule",
      "name": "alb_listener_rule",
      "provider": "provider[\"registry.terraform.io/hashicorp/aws\"]",
      "instances": [
        {
          "schema_version": 0,
          "attributes": {
            "action": [
              {
                "authenticate_cognito": [],
                "authenticate_oidc": [],
                "fixed_response": [],
                "forward": [],
                "order": 1,
                "redirect": [],
                "target_group_arn": "arn:aws:elasticloadbalancing:ap-southeast-2:352515133004:targetgroup/ALBTargetGroupOnewebclient/f5424d63cda70013",
                "type": "forward"
              }
            ],
            "arn": "arn:aws:elasticloadbalancing:ap-southeast-2:352515133004:listener-rule/app/StageB-Live2-xnlTjSaDmFvj/92bd57624dc83d12/66a13a3fe0951914/37cdc09f1c683913",
            "condition": [
              {
                "host_header": [],
                "http_header": [],
                "http_request_method": [],
                "path_pattern": [
                  {
                    "values": [
                      "/bksblive2/v5api/*"
                    ]
                  }
                ],
                "query_string": [],
                "source_ip": []
              }
            ],
            "id": "arn:aws:elasticloadbalancing:ap-southeast-2:352515133004:listener-rule/app/StageB-Live2-xnlTjSaDmFvj/92bd57624dc83d12/66a13a3fe0951914/37cdc09f1c683913",
            "listener_arn": "arn:aws:elasticloadbalancing:ap-southeast-2:352515133004:listener/app/StageB-Live2-xnlTjSaDmFvj/92bd57624dc83d12/66a13a3fe0951914",
            "priority": 110,
            "tags": {},
            "tags_all": {}
          },
          "sensitive_attributes": [],
          "private": "bnVsbA==",
          "dependencies": [
            "aws_lb_target_group.alb_target_group_one"
          ]
        }
      ]
    },
    {
      "mode": "managed",
      "type": "aws_lb_target_group",
      "name": "alb_target_group_one",
      "provider": "provider[\"registry.terraform.io/hashicorp/aws\"]",
      "instances": [
        {
          "schema_version": 0,
          "attributes": {
            "arn": "arn:aws:elasticloadbalancing:ap-southeast-2:352515133004:targetgroup/ALBTargetGroupOnewebclient/f5424d63cda70013",
            "arn_suffix": "targetgroup/ALBTargetGroupOnewebclient/f5424d63cda70013",
            "connection_termination": null,
            "deregistration_delay": "300",
            "health_check": [
              {
                "enabled": true,
                "healthy_threshold": 2,
                "interval": 20,
                "matcher": "200",
                "path": "/healthCheck",
                "port": "traffic-port",
                "protocol": "HTTP",
                "timeout": 10,
                "unhealthy_threshold": 4
              }
            ],
            "id": "arn:aws:elasticloadbalancing:ap-southeast-2:352515133004:targetgroup/ALBTargetGroupOnewebclient/f5424d63cda70013",
            "ip_address_type": "ipv4",
            "lambda_multi_value_headers_enabled": false,
            "load_balancer_arns": [
              "arn:aws:elasticloadbalancing:ap-southeast-2:352515133004:loadbalancer/app/StageB-Live2-xnlTjSaDmFvj/92bd57624dc83d12"
            ],
            "load_balancing_algorithm_type": "round_robin",
            "load_balancing_anomaly_mitigation": "off",
            "load_balancing_cross_zone_enabled": "use_load_balancer_configuration",
            "name": "ALBTargetGroupOnewebclient",
            "name_prefix": "",
            "port": 443,
            "preserve_client_ip": null,
            "protocol": "HTTPS",
            "protocol_version": "HTTP1",
            "proxy_protocol_v2": false,
            "slow_start": 0,
            "stickiness": [
              {
                "cookie_duration": 86400,
                "cookie_name": "",
                "enabled": false,
                "type": "lb_cookie"
              }
            ],
            "tags": {
              "Name": "ALBTargetGroupwebclientOne"
            },
            "tags_all": {
              "Name": "ALBTargetGroupwebclientOne"
            },
            "target_failover": [
              {
                "on_deregistration": null,
                "on_unhealthy": null
              }
            ],
            "target_group_health": [
              {
                "dns_failover": [
                  {
                    "minimum_healthy_targets_count": "1",
                    "minimum_healthy_targets_percentage": "off"
                  }
                ],
                "unhealthy_state_routing": [
                  {
                    "minimum_healthy_targets_count": 1,
                    "minimum_healthy_targets_percentage": "off"
                  }
                ]
              }
            ],
            "target_health_state": [
              {
                "enable_unhealthy_connection_termination": null,
                "unhealthy_draining_interval": null
              }
            ],
            "target_type": "ip",
            "vpc_id": "vpc-005358c415bc03d2a"
          },
          "sensitive_attributes": [],
          "private": "bnVsbA=="
        }
      ]
    },
    {
      "mode": "managed",
      "type": "aws_lb_target_group",
      "name": "alb_target_group_two",
      "provider": "provider[\"registry.terraform.io/hashicorp/aws\"]",
      "instances": [
        {
          "schema_version": 0,
          "attributes": {
            "arn": "arn:aws:elasticloadbalancing:ap-southeast-2:352515133004:targetgroup/ALBTargetGroupTwowebclient/062edd10fc79f157",
            "arn_suffix": "targetgroup/ALBTargetGroupTwowebclient/062edd10fc79f157",
            "connection_termination": null,
            "deregistration_delay": "300",
            "health_check": [
              {
                "enabled": true,
                "healthy_threshold": 2,
                "interval": 20,
                "matcher": "200",
                "path": "/healthCheck",
                "port": "traffic-port",
                "protocol": "HTTP",
                "timeout": 10,
                "unhealthy_threshold": 4
              }
            ],
            "id": "arn:aws:elasticloadbalancing:ap-southeast-2:352515133004:targetgroup/ALBTargetGroupTwowebclient/062edd10fc79f157",
            "ip_address_type": "ipv4",
            "lambda_multi_value_headers_enabled": false,
            "load_balancer_arns": [],
            "load_balancing_algorithm_type": "round_robin",
            "load_balancing_anomaly_mitigation": "off",
            "load_balancing_cross_zone_enabled": "use_load_balancer_configuration",
            "name": "ALBTargetGroupTwowebclient",
            "name_prefix": "",
            "port": 443,
            "preserve_client_ip": null,
            "protocol": "HTTPS",
            "protocol_version": "HTTP1",
            "proxy_protocol_v2": false,
            "slow_start": 0,
            "stickiness": [
              {
                "cookie_duration": 86400,
                "cookie_name": "",
                "enabled": false,
                "type": "lb_cookie"
              }
            ],
            "tags": {
              "Name": "ALBTargetGroupwebclientTwo"
            },
            "tags_all": {
              "Name": "ALBTargetGroupwebclientTwo"
            },
            "target_failover": [
              {
                "on_deregistration": null,
                "on_unhealthy": null
              }
            ],
            "target_group_health": [
              {
                "dns_failover": [
                  {
                    "minimum_healthy_targets_count": "1",
                    "minimum_healthy_targets_percentage": "off"
                  }
                ],
                "unhealthy_state_routing": [
                  {
                    "minimum_healthy_targets_count": 1,
                    "minimum_healthy_targets_percentage": "off"
                  }
                ]
              }
            ],
            "target_health_state": [
              {
                "enable_unhealthy_connection_termination": null,
                "unhealthy_draining_interval": null
              }
            ],
            "target_type": "ip",
            "vpc_id": "vpc-005358c415bc03d2a"
          },
          "sensitive_attributes": [],
          "private": "bnVsbA=="
        }
      ]
    },
    {
      "mode": "managed",
      "type": "aws_security_group",
      "name": "bksb_reforms_client_sg",
      "provider": "provider[\"registry.terraform.io/hashicorp/aws\"]",
      "instances": [
        {
          "schema_version": 1,
          "attributes": {
            "arn": "arn:aws:ec2:ap-southeast-2:352515133004:security-group/sg-09ef3bc217be31fae",
            "description": "StageBKSBReformsWebClientAppSydney/BKSBReformsClientSG",
            "egress": [
              {
                "cidr_blocks": [
                  "0.0.0.0/0"
                ],
                "description": "HTTP egress rule for internet",
                "from_port": 80,
                "ipv6_cidr_blocks": [],
                "prefix_list_ids": [],
                "protocol": "tcp",
                "security_groups": [],
                "self": false,
                "to_port": 80
              },
              {
                "cidr_blocks": [
                  "0.0.0.0/0"
                ],
                "description": "HTTPS egress rule for internet",
                "from_port": 443,
                "ipv6_cidr_blocks": [],
                "prefix_list_ids": [],
                "protocol": "tcp",
                "security_groups": [],
                "self": false,
                "to_port": 443
              }
            ],
            "id": "sg-09ef3bc217be31fae",
            "ingress": [
              {
                "cidr_blocks": [],
                "description": "Load balancer to target",
                "from_port": 443,
                "ipv6_cidr_blocks": [],
                "prefix_list_ids": [],
                "protocol": "tcp",
                "security_groups": [
                  "sg-0b9c02e80606fdf25"
                ],
                "self": false,
                "to_port": 443
              }
            ],
            "name": "StageBKSBReformsWebClientAppSydney-BKSBReformsClientSG",
            "name_prefix": "",
            "owner_id": "352515133004",
            "revoke_rules_on_delete": false,
            "tags": {
              "Name": "StageBKSBReformsWebClientAppSydney-BKSBReformsClientSG"
            },
            "tags_all": {
              "Name": "StageBKSBReformsWebClientAppSydney-BKSBReformsClientSG"
            },
            "timeouts": null,
            "vpc_id": "vpc-005358c415bc03d2a"
          },
          "sensitive_attributes": [],
          "private": "eyJlMmJmYjczMC1lY2FhLTExZTYtOGY4OC0zNDM2M2JjN2M0YzAiOnsiY3JlYXRlIjo2MDAwMDAwMDAwMDAsImRlbGV0ZSI6OTAwMDAwMDAwMDAwfSwic2NoZW1hX3ZlcnNpb24iOiIxIn0="
        }
      ]
    },
    {
      "mode": "managed",
      "type": "aws_security_group_rule",
      "name": "alb_prod_listener_egress_to_client_sg",
      "provider": "provider[\"registry.terraform.io/hashicorp/aws\"]",
      "instances": [
        {
          "schema_version": 2,
          "attributes": {
            "cidr_blocks": null,
            "description": "Load balancer to target",
            "from_port": 443,
            "id": "sgrule-1245340130",
            "ipv6_cidr_blocks": null,
            "prefix_list_ids": null,
            "protocol": "tcp",
            "security_group_id": "sg-0b9c02e80606fdf25",
            "security_group_rule_id": "sgr-03bb71406d5d584ee",
            "self": false,
            "source_security_group_id": "sg-09ef3bc217be31fae",
            "timeouts": null,
            "to_port": 443,
            "type": "egress"
          },
          "sensitive_attributes": [],
          "private": "eyJlMmJmYjczMC1lY2FhLTExZTYtOGY4OC0zNDM2M2JjN2M0YzAiOnsiY3JlYXRlIjozMDAwMDAwMDAwMDB9LCJzY2hlbWFfdmVyc2lvbiI6IjIifQ==",
          "dependencies": [
            "aws_security_group.bksb_reforms_client_sg"
          ]
        }
      ]
    },
    {
      "mode": "managed",
      "type": "aws_security_group_rule",
      "name": "bksb_reforms_client_sg_ingress_from_alb",
      "provider": "provider[\"registry.terraform.io/hashicorp/aws\"]",
      "instances": [
        {
          "schema_version": 2,
          "attributes": {
            "cidr_blocks": null,
            "description": "Load balancer to target",
            "from_port": 443,
            "id": "sgrule-1733979828",
            "ipv6_cidr_blocks": null,
            "prefix_list_ids": null,
            "protocol": "tcp",
            "security_group_id": "sg-09ef3bc217be31fae",
            "security_group_rule_id": "sgr-0a1487a2299176ddb",
            "self": false,
            "source_security_group_id": "sg-0b9c02e80606fdf25",
            "timeouts": null,
            "to_port": 443,
            "type": "ingress"
          },
          "sensitive_attributes": [],
          "private": "eyJlMmJmYjczMC1lY2FhLTExZTYtOGY4OC0zNDM2M2JjN2M0YzAiOnsiY3JlYXRlIjozMDAwMDAwMDAwMDB9LCJzY2hlbWFfdmVyc2lvbiI6IjIifQ==",
          "dependencies": [
            "aws_security_group.bksb_reforms_client_sg"
          ]
        }
      ]
    }
  ],
  "check_results": null
}
